
Microsoft Visual Studio Solution File, Format Version 12.00
# Visual Studio Version 17
VisualStudioVersion = 17.13.35825.156 d17.13
MinimumVisualStudioVersion = 10.0.40219.1
Project("{8BC9CEB8-8B4A-11D0-8D11-00A0C91BC942}") = "Task 8", "Task 8\Task 8.vcxproj", "{AA4624B6-286B-4DB0-A941-25D3995DFE20}"
EndProject
Global
	GlobalSection(SolutionConfigurationPlatforms) = preSolution
		Debug|x64 = Debug|x64
		Debug|x86 = Debug|x86
		Release|x64 = Release|x64
		Release|x86 = Release|x86
	EndGlobalSection
	GlobalSection(ProjectConfigurationPlatforms) = postSolution
		{AA4624B6-286B-4DB0-A941-25D3995DFE20}.Debug|x64.ActiveCfg = Debug|x64
		{AA4624B6-286B-4DB0-A941-25D3995DFE20}.Debug|x64.Build.0 = Debug|x64
		{AA4624B6-286B-4DB0-A941-25D3995DFE20}.Debug|x86.ActiveCfg = Debug|Win32
		{AA4624B6-286B-4DB0-A941-25D3995DFE20}.Debug|x86.Build.0 = Debug|Win32
		{AA4624B6-286B-4DB0-A941-25D3995DFE20}.Release|x64.ActiveCfg = Release|x64
		{AA4624B6-286B-4DB0-A941-25D3995DFE20}.Release|x64.Build.0 = Release|x64
		{AA4624B6-286B-4DB0-A941-25D3995DFE20}.Release|x86.ActiveCfg = Release|Win32
		{AA4624B6-286B-4DB0-A941-25D3995DFE20}.Release|x86.Build.0 = Release|Win32
	EndGlobalSection
	GlobalSection(SolutionProperties) = preSolution
		HideSolutionNode = FALSE
	EndGlobalSection
	GlobalSection(ExtensibilityGlobals) = postSolution
		SolutionGuid = {2B4F9409-A9EF-424A-B976-5084368B8DC8}
	EndGlobalSection
EndGlobal
